Microsoft Visual Studio Solution File, Format Version 12.00
# Visual Studio 14
VisualStudioVersion = 14.0.24720.0
MinimumVisualStudioVersion = 10.0.40219.1
Project("{2150E333-8FDC-42A3-9474-1A3956D46DE8}") = "CMakePredefinedTargets", "CMakePredefinedTargets", "{EFEB6F76-33DC-3F09-8451-EBFB53EE9F68}"
EndProject
Project("{2150E333-8FDC-42A3-9474-1A3956D46DE8}") = "GLFW3", "GLFW3", "{0EFC738F-5C94-35F2-85C1-F920E8B2F68A}"
EndProject
Project("{2150E333-8FDC-42A3-9474-1A3956D46DE8}") = "Examples", "Examples", "{3B87AA42-F01E-3002-840E-7DA0EC49E020}"
EndProject
Project("{2150E333-8FDC-42A3-9474-1A3956D46DE8}") = "Tests", "Tests", "{D54F2C8A-4600-3240-AC67-617F88841D46}"
EndProject
Project("{8BC9CEB8-8B4A-11D0-8D11-00A0C91BC942}") = "ALL_BUILD", "ALL_BUILD.vcxproj", "{B2443AEA-8739-30EF-84AE-F64D8B980E3B}"
	ProjectSection(ProjectDependencies) = postProject
		{FB9D5F07-2105-3837-9CCB-A9AC87A93B34} = {FB9D5F07-2105-3837-9CCB-A9AC87A93B34}
		{6EBDEC29-2260-3E35-89BF-A85CB7554C70} = {6EBDEC29-2260-3E35-89BF-A85CB7554C70}
		{6C6B6699-B757-3174-AF7B-81685671E57C} = {6C6B6699-B757-3174-AF7B-81685671E57C}
		{EE8A3DC3-5121-32CA-9F2F-3673B0A0FBCF} = {EE8A3DC3-5121-32CA-9F2F-3673B0A0FBCF}
		{C0802C13-591F-3FC8-A80B-2AC75D82BE1A} = {C0802C13-591F-3FC8-A80B-2AC75D82BE1A}
		{00D4A434-01C0-367A-8537-9E4A82FC683C} = {00D4A434-01C0-367A-8537-9E4A82FC683C}
		{162C86B5-F589-3251-A77A-FCF3E379441A} = {162C86B5-F589-3251-A77A-FCF3E379441A}
		{718F39F1-3A76-3E39-8EC4-94B82E189873} = {718F39F1-3A76-3E39-8EC4-94B82E189873}
		{0F56D75C-DE34-38EE-8E01-DD42E0E111BE} = {0F56D75C-DE34-38EE-8E01-DD42E0E111BE}
		{2E451435-DB45-3CDE-9561-3D2293829B64} = {2E451435-DB45-3CDE-9561-3D2293829B64}
		{D7428154-2EED-3950-B033-8CF5059AF2DE} = {D7428154-2EED-3950-B033-8CF5059AF2DE}
		{7C96817A-EF93-38C4-B77B-2A7BA45A0C96} = {7C96817A-EF93-38C4-B77B-2A7BA45A0C96}
		{A4358A2B-2ADA-3C85-92ED-E67867E89BA7} = {A4358A2B-2ADA-3C85-92ED-E67867E89BA7}
		{0DDA5C8F-F02D-383B-A341-EFDF83A69E9B} = {0DDA5C8F-F02D-383B-A341-EFDF83A69E9B}
		{FE4133B6-9F74-3B28-8992-50FA98D926A8} = {FE4133B6-9F74-3B28-8992-50FA98D926A8}
		{86F82A30-EB01-32FC-9C91-A79F8D438D61} = {86F82A30-EB01-32FC-9C91-A79F8D438D61}
		{97744E6F-10CA-393F-A9B0-0B7F64A98C15} = {97744E6F-10CA-393F-A9B0-0B7F64A98C15}
		{5FC9B629-1208-35D6-81FF-64DC64D0F940} = {5FC9B629-1208-35D6-81FF-64DC64D0F940}
		{A5C8AAB6-03D9-34DE-9CE4-45A269EC7079} = {A5C8AAB6-03D9-34DE-9CE4-45A269EC7079}
		{D235B939-A8A2-3860-B814-77DEF98953BF} = {D235B939-A8A2-3860-B814-77DEF98953BF}
		{E21DC9E5-7778-3007-B35C-914C661E68F6} = {E21DC9E5-7778-3007-B35C-914C661E68F6}
		{AC581D72-C5CB-3FA8-AC42-2EA3794D5219} = {AC581D72-C5CB-3FA8-AC42-2EA3794D5219}
		{94841471-470A-3E43-B5A8-C80E93D5C635} = {94841471-470A-3E43-B5A8-C80E93D5C635}
		{FC34C2C1-D003-352A-BDBA-CEC867521751} = {FC34C2C1-D003-352A-BDBA-CEC867521751}
		{F9B906EA-35F4-3CB8-B958-8759C7413F10} = {F9B906EA-35F4-3CB8-B958-8759C7413F10}
		{154932F7-F7BD-3BF5-90F2-AC8CFE5A1912} = {154932F7-F7BD-3BF5-90F2-AC8CFE5A1912}
	EndProjectSection
EndProject
Project("{8BC9CEB8-8B4A-11D0-8D11-00A0C91BC942}") = "INSTALL", "INSTALL.vcxproj", "{430FA415-9C90-38E1-8C1E-C8CEC729760E}"
	ProjectSection(ProjectDependencies) = postProject
		{B2443AEA-8739-30EF-84AE-F64D8B980E3B} = {B2443AEA-8739-30EF-84AE-F64D8B980E3B}
		{FB9D5F07-2105-3837-9CCB-A9AC87A93B34} = {FB9D5F07-2105-3837-9CCB-A9AC87A93B34}
	EndProjectSection
EndProject
Project("{8BC9CEB8-8B4A-11D0-8D11-00A0C91BC942}") = "ZERO_CHECK", "ZERO_CHECK.vcxproj", "{FB9D5F07-2105-3837-9CCB-A9AC87A93B34}"
EndProject
Project("{8BC9CEB8-8B4A-11D0-8D11-00A0C91BC942}") = "boing", "external\glfw-3.1.2\examples\boing.vcxproj", "{6EBDEC29-2260-3E35-89BF-A85CB7554C70}"
	ProjectSection(ProjectDependencies) = postProject
		{FB9D5F07-2105-3837-9CCB-A9AC87A93B34} = {FB9D5F07-2105-3837-9CCB-A9AC87A93B34}
		{0F56D75C-DE34-38EE-8E01-DD42E0E111BE} = {0F56D75C-DE34-38EE-8E01-DD42E0E111BE}
	EndProjectSection
EndProject
Project("{8BC9CEB8-8B4A-11D0-8D11-00A0C91BC942}") = "clipboard", "external\glfw-3.1.2\tests\clipboard.vcxproj", "{6C6B6699-B757-3174-AF7B-81685671E57C}"
	ProjectSection(ProjectDependencies) = postProject
		{FB9D5F07-2105-3837-9CCB-A9AC87A93B34} = {FB9D5F07-2105-3837-9CCB-A9AC87A93B34}
		{0F56D75C-DE34-38EE-8E01-DD42E0E111BE} = {0F56D75C-DE34-38EE-8E01-DD42E0E111BE}
	EndProjectSection
EndProject
Project("{8BC9CEB8-8B4A-11D0-8D11-00A0C91BC942}") = "cursor", "external\glfw-3.1.2\tests\cursor.vcxproj", "{EE8A3DC3-5121-32CA-9F2F-3673B0A0FBCF}"
	ProjectSection(ProjectDependencies) = postProject
		{FB9D5F07-2105-3837-9CCB-A9AC87A93B34} = {FB9D5F07-2105-3837-9CCB-A9AC87A93B34}
		{0F56D75C-DE34-38EE-8E01-DD42E0E111BE} = {0F56D75C-DE34-38EE-8E01-DD42E0E111BE}
	EndProjectSection
EndProject
Project("{8BC9CEB8-8B4A-11D0-8D11-00A0C91BC942}") = "empty", "external\glfw-3.1.2\tests\empty.vcxproj", "{C0802C13-591F-3FC8-A80B-2AC75D82BE1A}"
	ProjectSection(ProjectDependencies) = postProject
		{FB9D5F07-2105-3837-9CCB-A9AC87A93B34} = {FB9D5F07-2105-3837-9CCB-A9AC87A93B34}
		{0F56D75C-DE34-38EE-8E01-DD42E0E111BE} = {0F56D75C-DE34-38EE-8E01-DD42E0E111BE}
	EndProjectSection
EndProject
Project("{8BC9CEB8-8B4A-11D0-8D11-00A0C91BC942}") = "events", "external\glfw-3.1.2\tests\events.vcxproj", "{00D4A434-01C0-367A-8537-9E4A82FC683C}"
	ProjectSection(ProjectDependencies) = postProject
		{FB9D5F07-2105-3837-9CCB-A9AC87A93B34} = {FB9D5F07-2105-3837-9CCB-A9AC87A93B34}
		{0F56D75C-DE34-38EE-8E01-DD42E0E111BE} = {0F56D75C-DE34-38EE-8E01-DD42E0E111BE}
	EndProjectSection
EndProject
Project("{8BC9CEB8-8B4A-11D0-8D11-00A0C91BC942}") = "gamma", "external\glfw-3.1.2\tests\gamma.vcxproj", "{162C86B5-F589-3251-A77A-FCF3E379441A}"
	ProjectSection(ProjectDependencies) = postProject
		{FB9D5F07-2105-3837-9CCB-A9AC87A93B34} = {FB9D5F07-2105-3837-9CCB-A9AC87A93B34}
		{0F56D75C-DE34-38EE-8E01-DD42E0E111BE} = {0F56D75C-DE34-38EE-8E01-DD42E0E111BE}
	EndProjectSection
EndProject
Project("{8BC9CEB8-8B4A-11D0-8D11-00A0C91BC942}") = "gears", "external\glfw-3.1.2\examples\gears.vcxproj", "{718F39F1-3A76-3E39-8EC4-94B82E189873}"
	ProjectSection(ProjectDependencies) = postProject
		{FB9D5F07-2105-3837-9CCB-A9AC87A93B34} = {FB9D5F07-2105-3837-9CCB-A9AC87A93B34}
		{0F56D75C-DE34-38EE-8E01-DD42E0E111BE} = {0F56D75C-DE34-38EE-8E01-DD42E0E111BE}
	EndProjectSection
EndProject
Project("{8BC9CEB8-8B4A-11D0-8D11-00A0C91BC942}") = "glfw", "external\glfw-3.1.2\src\glfw.vcxproj", "{0F56D75C-DE34-38EE-8E01-DD42E0E111BE}"
	ProjectSection(ProjectDependencies) = postProject
		{FB9D5F07-2105-3837-9CCB-A9AC87A93B34} = {FB9D5F07-2105-3837-9CCB-A9AC87A93B34}
	EndProjectSection
EndProject
Project("{8BC9CEB8-8B4A-11D0-8D11-00A0C91BC942}") = "glfwinfo", "external\glfw-3.1.2\tests\glfwinfo.vcxproj", "{2E451435-DB45-3CDE-9561-3D2293829B64}"
	ProjectSection(ProjectDependencies) = postProject
		{FB9D5F07-2105-3837-9CCB-A9AC87A93B34} = {FB9D5F07-2105-3837-9CCB-A9AC87A93B34}
		{0F56D75C-DE34-38EE-8E01-DD42E0E111BE} = {0F56D75C-DE34-38EE-8E01-DD42E0E111BE}
	EndProjectSection
EndProject
Project("{8BC9CEB8-8B4A-11D0-8D11-00A0C91BC942}") = "heightmap", "external\glfw-3.1.2\examples\heightmap.vcxproj", "{D7428154-2EED-3950-B033-8CF5059AF2DE}"
	ProjectSection(ProjectDependencies) = postProject
		{FB9D5F07-2105-3837-9CCB-A9AC87A93B34} = {FB9D5F07-2105-3837-9CCB-A9AC87A93B34}
		{0F56D75C-DE34-38EE-8E01-DD42E0E111BE} = {0F56D75C-DE34-38EE-8E01-DD42E0E111BE}
	EndProjectSection
EndProject
Project("{8BC9CEB8-8B4A-11D0-8D11-00A0C91BC942}") = "iconify", "external\glfw-3.1.2\tests\iconify.vcxproj", "{7C96817A-EF93-38C4-B77B-2A7BA45A0C96}"
	ProjectSection(ProjectDependencies) = postProject
		{FB9D5F07-2105-3837-9CCB-A9AC87A93B34} = {FB9D5F07-2105-3837-9CCB-A9AC87A93B34}
		{0F56D75C-DE34-38EE-8E01-DD42E0E111BE} = {0F56D75C-DE34-38EE-8E01-DD42E0E111BE}
	EndProjectSection
EndProject
Project("{8BC9CEB8-8B4A-11D0-8D11-00A0C91BC942}") = "joysticks", "external\glfw-3.1.2\tests\joysticks.vcxproj", "{A4358A2B-2ADA-3C85-92ED-E67867E89BA7}"
	ProjectSection(ProjectDependencies) = postProject
		{FB9D5F07-2105-3837-9CCB-A9AC87A93B34} = {FB9D5F07-2105-3837-9CCB-A9AC87A93B34}
		{0F56D75C-DE34-38EE-8E01-DD42E0E111BE} = {0F56D75C-DE34-38EE-8E01-DD42E0E111BE}
	EndProjectSection
EndProject
Project("{8BC9CEB8-8B4A-11D0-8D11-00A0C91BC942}") = "monitors", "external\glfw-3.1.2\tests\monitors.vcxproj", "{0DDA5C8F-F02D-383B-A341-EFDF83A69E9B}"
	ProjectSection(ProjectDependencies) = postProject
		{FB9D5F07-2105-3837-9CCB-A9AC87A93B34} = {FB9D5F07-2105-3837-9CCB-A9AC87A93B34}
		{0F56D75C-DE34-38EE-8E01-DD42E0E111BE} = {0F56D75C-DE34-38EE-8E01-DD42E0E111BE}
	EndProjectSection
EndProject
Project("{8BC9CEB8-8B4A-11D0-8D11-00A0C91BC942}") = "msaa", "external\glfw-3.1.2\tests\msaa.vcxproj", "{FE4133B6-9F74-3B28-8992-50FA98D926A8}"
	ProjectSection(ProjectDependencies) = postProject
		{FB9D5F07-2105-3837-9CCB-A9AC87A93B34} = {FB9D5F07-2105-3837-9CCB-A9AC87A93B34}
		{0F56D75C-DE34-38EE-8E01-DD42E0E111BE} = {0F56D75C-DE34-38EE-8E01-DD42E0E111BE}
	EndProjectSection
EndProject
Project("{8BC9CEB8-8B4A-11D0-8D11-00A0C91BC942}") = "particles", "external\glfw-3.1.2\examples\particles.vcxproj", "{86F82A30-EB01-32FC-9C91-A79F8D438D61}"
	ProjectSection(ProjectDependencies) = postProject
		{FB9D5F07-2105-3837-9CCB-A9AC87A93B34} = {FB9D5F07-2105-3837-9CCB-A9AC87A93B34}
		{0F56D75C-DE34-38EE-8E01-DD42E0E111BE} = {0F56D75C-DE34-38EE-8E01-DD42E0E111BE}
	EndProjectSection
EndProject
Project("{8BC9CEB8-8B4A-11D0-8D11-00A0C91BC942}") = "playground", "playground.vcxproj", "{97744E6F-10CA-393F-A9B0-0B7F64A98C15}"
	ProjectSection(ProjectDependencies) = postProject
		{FB9D5F07-2105-3837-9CCB-A9AC87A93B34} = {FB9D5F07-2105-3837-9CCB-A9AC87A93B34}
		{0F56D75C-DE34-38EE-8E01-DD42E0E111BE} = {0F56D75C-DE34-38EE-8E01-DD42E0E111BE}
	EndProjectSection
EndProject
Project("{8BC9CEB8-8B4A-11D0-8D11-00A0C91BC942}") = "reopen", "external\glfw-3.1.2\tests\reopen.vcxproj", "{5FC9B629-1208-35D6-81FF-64DC64D0F940}"
	ProjectSection(ProjectDependencies) = postProject
		{FB9D5F07-2105-3837-9CCB-A9AC87A93B34} = {FB9D5F07-2105-3837-9CCB-A9AC87A93B34}
		{0F56D75C-DE34-38EE-8E01-DD42E0E111BE} = {0F56D75C-DE34-38EE-8E01-DD42E0E111BE}
	EndProjectSection
EndProject
Project("{8BC9CEB8-8B4A-11D0-8D11-00A0C91BC942}") = "sharing", "external\glfw-3.1.2\tests\sharing.vcxproj", "{A5C8AAB6-03D9-34DE-9CE4-45A269EC7079}"
	ProjectSection(ProjectDependencies) = postProject
		{FB9D5F07-2105-3837-9CCB-A9AC87A93B34} = {FB9D5F07-2105-3837-9CCB-A9AC87A93B34}
		{0F56D75C-DE34-38EE-8E01-DD42E0E111BE} = {0F56D75C-DE34-38EE-8E01-DD42E0E111BE}
	EndProjectSection
EndProject
Project("{8BC9CEB8-8B4A-11D0-8D11-00A0C91BC942}") = "simple", "external\glfw-3.1.2\examples\simple.vcxproj", "{D235B939-A8A2-3860-B814-77DEF98953BF}"
	ProjectSection(ProjectDependencies) = postProject
		{FB9D5F07-2105-3837-9CCB-A9AC87A93B34} = {FB9D5F07-2105-3837-9CCB-A9AC87A93B34}
		{0F56D75C-DE34-38EE-8E01-DD42E0E111BE} = {0F56D75C-DE34-38EE-8E01-DD42E0E111BE}
	EndProjectSection
EndProject
Project("{8BC9CEB8-8B4A-11D0-8D11-00A0C91BC942}") = "splitview", "external\glfw-3.1.2\examples\splitview.vcxproj", "{E21DC9E5-7778-3007-B35C-914C661E68F6}"
	ProjectSection(ProjectDependencies) = postProject
		{FB9D5F07-2105-3837-9CCB-A9AC87A93B34} = {FB9D5F07-2105-3837-9CCB-A9AC87A93B34}
		{0F56D75C-DE34-38EE-8E01-DD42E0E111BE} = {0F56D75C-DE34-38EE-8E01-DD42E0E111BE}
	EndProjectSection
EndProject
Project("{8BC9CEB8-8B4A-11D0-8D11-00A0C91BC942}") = "tearing", "external\glfw-3.1.2\tests\tearing.vcxproj", "{AC581D72-C5CB-3FA8-AC42-2EA3794D5219}"
	ProjectSection(ProjectDependencies) = postProject
		{FB9D5F07-2105-3837-9CCB-A9AC87A93B34} = {FB9D5F07-2105-3837-9CCB-A9AC87A93B34}
		{0F56D75C-DE34-38EE-8E01-DD42E0E111BE} = {0F56D75C-DE34-38EE-8E01-DD42E0E111BE}
	EndProjectSection
EndProject
Project("{8BC9CEB8-8B4A-11D0-8D11-00A0C91BC942}") = "threads", "external\glfw-3.1.2\tests\threads.vcxproj", "{94841471-470A-3E43-B5A8-C80E93D5C635}"
	ProjectSection(ProjectDependencies) = postProject
		{FB9D5F07-2105-3837-9CCB-A9AC87A93B34} = {FB9D5F07-2105-3837-9CCB-A9AC87A93B34}
		{0F56D75C-DE34-38EE-8E01-DD42E0E111BE} = {0F56D75C-DE34-38EE-8E01-DD42E0E111BE}
	EndProjectSection
EndProject
Project("{8BC9CEB8-8B4A-11D0-8D11-00A0C91BC942}") = "title", "external\glfw-3.1.2\tests\title.vcxproj", "{FC34C2C1-D003-352A-BDBA-CEC867521751}"
	ProjectSection(ProjectDependencies) = postProject
		{FB9D5F07-2105-3837-9CCB-A9AC87A93B34} = {FB9D5F07-2105-3837-9CCB-A9AC87A93B34}
		{0F56D75C-DE34-38EE-8E01-DD42E0E111BE} = {0F56D75C-DE34-38EE-8E01-DD42E0E111BE}
	EndProjectSection
EndProject
Project("{8BC9CEB8-8B4A-11D0-8D11-00A0C91BC942}") = "wave", "external\glfw-3.1.2\examples\wave.vcxproj", "{F9B906EA-35F4-3CB8-B958-8759C7413F10}"
	ProjectSection(ProjectDependencies) = postProject
		{FB9D5F07-2105-3837-9CCB-A9AC87A93B34} = {FB9D5F07-2105-3837-9CCB-A9AC87A93B34}
		{0F56D75C-DE34-38EE-8E01-DD42E0E111BE} = {0F56D75C-DE34-38EE-8E01-DD42E0E111BE}
	EndProjectSection
EndProject
Project("{8BC9CEB8-8B4A-11D0-8D11-00A0C91BC942}") = "windows", "external\glfw-3.1.2\tests\windows.vcxproj", "{154932F7-F7BD-3BF5-90F2-AC8CFE5A1912}"
	ProjectSection(ProjectDependencies) = postProject
		{FB9D5F07-2105-3837-9CCB-A9AC87A93B34} = {FB9D5F07-2105-3837-9CCB-A9AC87A93B34}
		{0F56D75C-DE34-38EE-8E01-DD42E0E111BE} = {0F56D75C-DE34-38EE-8E01-DD42E0E111BE}
	EndProjectSection
EndProject
Global
	GlobalSection(SolutionConfigurationPlatforms) = preSolution
		Debug|Win32 = Debug|Win32
		MinSizeRel|Win32 = MinSizeRel|Win32
		Release|Win32 = Release|Win32
		RelWithDebInfo|Win32 = RelWithDebInfo|Win32
	EndGlobalSection
	GlobalSection(ProjectConfigurationPlatforms) = postSolution
		{B2443AEA-8739-30EF-84AE-F64D8B980E3B}.Debug|Win32.ActiveCfg = Debug|Win32
		{B2443AEA-8739-30EF-84AE-F64D8B980E3B}.Debug|Win32.Build.0 = Debug|Win32
		{B2443AEA-8739-30EF-84AE-F64D8B980E3B}.MinSizeRel|Win32.ActiveCfg = MinSizeRel|Win32
		{B2443AEA-8739-30EF-84AE-F64D8B980E3B}.MinSizeRel|Win32.Build.0 = MinSizeRel|Win32
		{B2443AEA-8739-30EF-84AE-F64D8B980E3B}.Release|Win32.ActiveCfg = Release|Win32
		{B2443AEA-8739-30EF-84AE-F64D8B980E3B}.Release|Win32.Build.0 = Release|Win32
		{B2443AEA-8739-30EF-84AE-F64D8B980E3B}.RelWithDebInfo|Win32.ActiveCfg = RelWithDebInfo|Win32
		{B2443AEA-8739-30EF-84AE-F64D8B980E3B}.RelWithDebInfo|Win32.Build.0 = RelWithDebInfo|Win32
		{430FA415-9C90-38E1-8C1E-C8CEC729760E}.Debug|Win32.ActiveCfg = Debug|Win32
		{430FA415-9C90-38E1-8C1E-C8CEC729760E}.MinSizeRel|Win32.ActiveCfg = MinSizeRel|Win32
		{430FA415-9C90-38E1-8C1E-C8CEC729760E}.Release|Win32.ActiveCfg = Release|Win32
		{430FA415-9C90-38E1-8C1E-C8CEC729760E}.RelWithDebInfo|Win32.ActiveCfg = RelWithDebInfo|Win32
		{FB9D5F07-2105-3837-9CCB-A9AC87A93B34}.Debug|Win32.ActiveCfg = Debug|Win32
		{FB9D5F07-2105-3837-9CCB-A9AC87A93B34}.Debug|Win32.Build.0 = Debug|Win32
		{FB9D5F07-2105-3837-9CCB-A9AC87A93B34}.MinSizeRel|Win32.ActiveCfg = MinSizeRel|Win32
		{FB9D5F07-2105-3837-9CCB-A9AC87A93B34}.MinSizeRel|Win32.Build.0 = MinSizeRel|Win32
		{FB9D5F07-2105-3837-9CCB-A9AC87A93B34}.Release|Win32.ActiveCfg = Release|Win32
		{FB9D5F07-2105-3837-9CCB-A9AC87A93B34}.Release|Win32.Build.0 = Release|Win32
		{FB9D5F07-2105-3837-9CCB-A9AC87A93B34}.RelWithDebInfo|Win32.ActiveCfg = RelWithDebInfo|Win32
		{FB9D5F07-2105-3837-9CCB-A9AC87A93B34}.RelWithDebInfo|Win32.Build.0 = RelWithDebInfo|Win32
		{6EBDEC29-2260-3E35-89BF-A85CB7554C70}.Debug|Win32.ActiveCfg = Debug|Win32
		{6EBDEC29-2260-3E35-89BF-A85CB7554C70}.Debug|Win32.Build.0 = Debug|Win32
		{6EBDEC29-2260-3E35-89BF-A85CB7554C70}.MinSizeRel|Win32.ActiveCfg = MinSizeRel|Win32
		{6EBDEC29-2260-3E35-89BF-A85CB7554C70}.MinSizeRel|Win32.Build.0 = MinSizeRel|Win32
		{6EBDEC29-2260-3E35-89BF-A85CB7554C70}.Release|Win32.ActiveCfg = Release|Win32
		{6EBDEC29-2260-3E35-89BF-A85CB7554C70}.Release|Win32.Build.0 = Release|Win32
		{6EBDEC29-2260-3E35-89BF-A85CB7554C70}.RelWithDebInfo|Win32.ActiveCfg = RelWithDebInfo|Win32
		{6EBDEC29-2260-3E35-89BF-A85CB7554C70}.RelWithDebInfo|Win32.Build.0 = RelWithDebInfo|Win32
		{6C6B6699-B757-3174-AF7B-81685671E57C}.Debug|Win32.ActiveCfg = Debug|Win32
		{6C6B6699-B757-3174-AF7B-81685671E57C}.Debug|Win32.Build.0 = Debug|Win32
		{6C6B6699-B757-3174-AF7B-81685671E57C}.MinSizeRel|Win32.ActiveCfg = MinSizeRel|Win32
		{6C6B6699-B757-3174-AF7B-81685671E57C}.MinSizeRel|Win32.Build.0 = MinSizeRel|Win32
		{6C6B6699-B757-3174-AF7B-81685671E57C}.Release|Win32.ActiveCfg = Release|Win32
		{6C6B6699-B757-3174-AF7B-81685671E57C}.Release|Win32.Build.0 = Release|Win32
		{6C6B6699-B757-3174-AF7B-81685671E57C}.RelWithDebInfo|Win32.ActiveCfg = RelWithDebInfo|Win32
		{6C6B6699-B757-3174-AF7B-81685671E57C}.RelWithDebInfo|Win32.Build.0 = RelWithDebInfo|Win32
		{EE8A3DC3-5121-32CA-9F2F-3673B0A0FBCF}.Debug|Win32.ActiveCfg = Debug|Win32
		{EE8A3DC3-5121-32CA-9F2F-3673B0A0FBCF}.Debug|Win32.Build.0 = Debug|Win32
		{EE8A3DC3-5121-32CA-9F2F-3673B0A0FBCF}.MinSizeRel|Win32.ActiveCfg = MinSizeRel|Win32
		{EE8A3DC3-5121-32CA-9F2F-3673B0A0FBCF}.MinSizeRel|Win32.Build.0 = MinSizeRel|Win32
		{EE8A3DC3-5121-32CA-9F2F-3673B0A0FBCF}.Release|Win32.ActiveCfg = Release|Win32
		{EE8A3DC3-5121-32CA-9F2F-3673B0A0FBCF}.Release|Win32.Build.0 = Release|Win32
		{EE8A3DC3-5121-32CA-9F2F-3673B0A0FBCF}.RelWithDebInfo|Win32.ActiveCfg = RelWithDebInfo|Win32
		{EE8A3DC3-5121-32CA-9F2F-3673B0A0FBCF}.RelWithDebInfo|Win32.Build.0 = RelWithDebInfo|Win32
		{C0802C13-591F-3FC8-A80B-2AC75D82BE1A}.Debug|Win32.ActiveCfg = Debug|Win32
		{C0802C13-591F-3FC8-A80B-2AC75D82BE1A}.Debug|Win32.Build.0 = Debug|Win32
		{C0802C13-591F-3FC8-A80B-2AC75D82BE1A}.MinSizeRel|Win32.ActiveCfg = MinSizeRel|Win32
		{C0802C13-591F-3FC8-A80B-2AC75D82BE1A}.MinSizeRel|Win32.Build.0 = MinSizeRel|Win32
		{C0802C13-591F-3FC8-A80B-2AC75D82BE1A}.Release|Win32.ActiveCfg = Release|Win32
		{C0802C13-591F-3FC8-A80B-2AC75D82BE1A}.Release|Win32.Build.0 = Release|Win32
		{C0802C13-591F-3FC8-A80B-2AC75D82BE1A}.RelWithDebInfo|Win32.ActiveCfg = RelWithDebInfo|Win32
		{C0802C13-591F-3FC8-A80B-2AC75D82BE1A}.RelWithDebInfo|Win32.Build.0 = RelWithDebInfo|Win32
		{00D4A434-01C0-367A-8537-9E4A82FC683C}.Debug|Win32.ActiveCfg = Debug|Win32
		{00D4A434-01C0-367A-8537-9E4A82FC683C}.Debug|Win32.Build.0 = Debug|Win32
		{00D4A434-01C0-367A-8537-9E4A82FC683C}.MinSizeRel|Win32.ActiveCfg = MinSizeRel|Win32
		{00D4A434-01C0-367A-8537-9E4A82FC683C}.MinSizeRel|Win32.Build.0 = MinSizeRel|Win32
		{00D4A434-01C0-367A-8537-9E4A82FC683C}.Release|Win32.ActiveCfg = Release|Win32
		{00D4A434-01C0-367A-8537-9E4A82FC683C}.Release|Win32.Build.0 = Release|Win32
		{00D4A434-01C0-367A-8537-9E4A82FC683C}.RelWithDebInfo|Win32.ActiveCfg = RelWithDebInfo|Win32
		{00D4A434-01C0-367A-8537-9E4A82FC683C}.RelWithDebInfo|Win32.Build.0 = RelWithDebInfo|Win32
		{162C86B5-F589-3251-A77A-FCF3E379441A}.Debug|Win32.ActiveCfg = Debug|Win32
		{162C86B5-F589-3251-A77A-FCF3E379441A}.Debug|Win32.Build.0 = Debug|Win32
		{162C86B5-F589-3251-A77A-FCF3E379441A}.MinSizeRel|Win32.ActiveCfg = MinSizeRel|Win32
		{162C86B5-F589-3251-A77A-FCF3E379441A}.MinSizeRel|Win32.Build.0 = MinSizeRel|Win32
		{162C86B5-F589-3251-A77A-FCF3E379441A}.Release|Win32.ActiveCfg = Release|Win32
		{162C86B5-F589-3251-A77A-FCF3E379441A}.Release|Win32.Build.0 = Release|Win32
		{162C86B5-F589-3251-A77A-FCF3E379441A}.RelWithDebInfo|Win32.ActiveCfg = RelWithDebInfo|Win32
		{162C86B5-F589-3251-A77A-FCF3E379441A}.RelWithDebInfo|Win32.Build.0 = RelWithDebInfo|Win32
		{718F39F1-3A76-3E39-8EC4-94B82E189873}.Debug|Win32.ActiveCfg = Debug|Win32
		{718F39F1-3A76-3E39-8EC4-94B82E189873}.Debug|Win32.Build.0 = Debug|Win32
		{718F39F1-3A76-3E39-8EC4-94B82E189873}.MinSizeRel|Win32.ActiveCfg = MinSizeRel|Win32
		{718F39F1-3A76-3E39-8EC4-94B82E189873}.MinSizeRel|Win32.Build.0 = MinSizeRel|Win32
		{718F39F1-3A76-3E39-8EC4-94B82E189873}.Release|Win32.ActiveCfg = Release|Win32
		{718F39F1-3A76-3E39-8EC4-94B82E189873}.Release|Win32.Build.0 = Release|Win32
		{718F39F1-3A76-3E39-8EC4-94B82E189873}.RelWithDebInfo|Win32.ActiveCfg = RelWithDebInfo|Win32
		{718F39F1-3A76-3E39-8EC4-94B82E189873}.RelWithDebInfo|Win32.Build.0 = RelWithDebInfo|Win32
		{0F56D75C-DE34-38EE-8E01-DD42E0E111BE}.Debug|Win32.ActiveCfg = Debug|Win32
		{0F56D75C-DE34-38EE-8E01-DD42E0E111BE}.Debug|Win32.Build.0 = Debug|Win32
		{0F56D75C-DE34-38EE-8E01-DD42E0E111BE}.MinSizeRel|Win32.ActiveCfg = MinSizeRel|Win32
		{0F56D75C-DE34-38EE-8E01-DD42E0E111BE}.MinSizeRel|Win32.Build.0 = MinSizeRel|Win32
		{0F56D75C-DE34-38EE-8E01-DD42E0E111BE}.Release|Win32.ActiveCfg = Release|Win32
		{0F56D75C-DE34-38EE-8E01-DD42E0E111BE}.Release|Win32.Build.0 = Release|Win32
		{0F56D75C-DE34-38EE-8E01-DD42E0E111BE}.RelWithDebInfo|Win32.ActiveCfg = RelWithDebInfo|Win32
		{0F56D75C-DE34-38EE-8E01-DD42E0E111BE}.RelWithDebInfo|Win32.Build.0 = RelWithDebInfo|Win32
		{2E451435-DB45-3CDE-9561-3D2293829B64}.Debug|Win32.ActiveCfg = Debug|Win32
		{2E451435-DB45-3CDE-9561-3D2293829B64}.Debug|Win32.Build.0 = Debug|Win32
		{2E451435-DB45-3CDE-9561-3D2293829B64}.MinSizeRel|Win32.ActiveCfg = MinSizeRel|Win32
		{2E451435-DB45-3CDE-9561-3D2293829B64}.MinSizeRel|Win32.Build.0 = MinSizeRel|Win32
		{2E451435-DB45-3CDE-9561-3D2293829B64}.Release|Win32.ActiveCfg = Release|Win32
		{2E451435-DB45-3CDE-9561-3D2293829B64}.Release|Win32.Build.0 = Release|Win32
		{2E451435-DB45-3CDE-9561-3D2293829B64}.RelWithDebInfo|Win32.ActiveCfg = RelWithDebInfo|Win32
		{2E451435-DB45-3CDE-9561-3D2293829B64}.RelWithDebInfo|Win32.Build.0 = RelWithDebInfo|Win32
		{D7428154-2EED-3950-B033-8CF5059AF2DE}.Debug|Win32.ActiveCfg = Debug|Win32
		{D7428154-2EED-3950-B033-8CF5059AF2DE}.Debug|Win32.Build.0 = Debug|Win32
		{D7428154-2EED-3950-B033-8CF5059AF2DE}.MinSizeRel|Win32.ActiveCfg = MinSizeRel|Win32
		{D7428154-2EED-3950-B033-8CF5059AF2DE}.MinSizeRel|Win32.Build.0 = MinSizeRel|Win32
		{D7428154-2EED-3950-B033-8CF5059AF2DE}.Release|Win32.ActiveCfg = Release|Win32
		{D7428154-2EED-3950-B033-8CF5059AF2DE}.Release|Win32.Build.0 = Release|Win32
		{D7428154-2EED-3950-B033-8CF5059AF2DE}.RelWithDebInfo|Win32.ActiveCfg = RelWithDebInfo|Win32
		{D7428154-2EED-3950-B033-8CF5059AF2DE}.RelWithDebInfo|Win32.Build.0 = RelWithDebInfo|Win32
		{7C96817A-EF93-38C4-B77B-2A7BA45A0C96}.Debug|Win32.ActiveCfg = Debug|Win32
		{7C96817A-EF93-38C4-B77B-2A7BA45A0C96}.Debug|Win32.Build.0 = Debug|Win32
		{7C96817A-EF93-38C4-B77B-2A7BA45A0C96}.MinSizeRel|Win32.ActiveCfg = MinSizeRel|Win32
		{7C96817A-EF93-38C4-B77B-2A7BA45A0C96}.MinSizeRel|Win32.Build.0 = MinSizeRel|Win32
		{7C96817A-EF93-38C4-B77B-2A7BA45A0C96}.Release|Win32.ActiveCfg = Release|Win32
		{7C96817A-EF93-38C4-B77B-2A7BA45A0C96}.Release|Win32.Build.0 = Release|Win32
		{7C96817A-EF93-38C4-B77B-2A7BA45A0C96}.RelWithDebInfo|Win32.ActiveCfg = RelWithDebInfo|Win32
		{7C96817A-EF93-38C4-B77B-2A7BA45A0C96}.RelWithDebInfo|Win32.Build.0 = RelWithDebInfo|Win32
		{A4358A2B-2ADA-3C85-92ED-E67867E89BA7}.Debug|Win32.ActiveCfg = Debug|Win32
		{A4358A2B-2ADA-3C85-92ED-E67867E89BA7}.Debug|Win32.Build.0 = Debug|Win32
		{A4358A2B-2ADA-3C85-92ED-E67867E89BA7}.MinSizeRel|Win32.ActiveCfg = MinSizeRel|Win32
		{A4358A2B-2ADA-3C85-92ED-E67867E89BA7}.MinSizeRel|Win32.Build.0 = MinSizeRel|Win32
		{A4358A2B-2ADA-3C85-92ED-E67867E89BA7}.Release|Win32.ActiveCfg = Release|Win32
		{A4358A2B-2ADA-3C85-92ED-E67867E89BA7}.Release|Win32.Build.0 = Release|Win32
		{A4358A2B-2ADA-3C85-92ED-E67867E89BA7}.RelWithDebInfo|Win32.ActiveCfg = RelWithDebInfo|Win32
		{A4358A2B-2ADA-3C85-92ED-E67867E89BA7}.RelWithDebInfo|Win32.Build.0 = RelWithDebInfo|Win32
		{0DDA5C8F-F02D-383B-A341-EFDF83A69E9B}.Debug|Win32.ActiveCfg = Debug|Win32
		{0DDA5C8F-F02D-383B-A341-EFDF83A69E9B}.Debug|Win32.Build.0 = Debug|Win32
		{0DDA5C8F-F02D-383B-A341-EFDF83A69E9B}.MinSizeRel|Win32.ActiveCfg = MinSizeRel|Win32
		{0DDA5C8F-F02D-383B-A341-EFDF83A69E9B}.MinSizeRel|Win32.Build.0 = MinSizeRel|Win32
		{0DDA5C8F-F02D-383B-A341-EFDF83A69E9B}.Release|Win32.ActiveCfg = Release|Win32
		{0DDA5C8F-F02D-383B-A341-EFDF83A69E9B}.Release|Win32.Build.0 = Release|Win32
		{0DDA5C8F-F02D-383B-A341-EFDF83A69E9B}.RelWithDebInfo|Win32.ActiveCfg = RelWithDebInfo|Win32
		{0DDA5C8F-F02D-383B-A341-EFDF83A69E9B}.RelWithDebInfo|Win32.Build.0 = RelWithDebInfo|Win32
		{FE4133B6-9F74-3B28-8992-50FA98D926A8}.Debug|Win32.ActiveCfg = Debug|Win32
		{FE4133B6-9F74-3B28-8992-50FA98D926A8}.Debug|Win32.Build.0 = Debug|Win32
		{FE4133B6-9F74-3B28-8992-50FA98D926A8}.MinSizeRel|Win32.ActiveCfg = MinSizeRel|Win32
		{FE4133B6-9F74-3B28-8992-50FA98D926A8}.MinSizeRel|Win32.Build.0 = MinSizeRel|Win32
		{FE4133B6-9F74-3B28-8992-50FA98D926A8}.Release|Win32.ActiveCfg = Release|Win32
		{FE4133B6-9F74-3B28-8992-50FA98D926A8}.Release|Win32.Build.0 = Release|Win32
		{FE4133B6-9F74-3B28-8992-50FA98D926A8}.RelWithDebInfo|Win32.ActiveCfg = RelWithDebInfo|Win32
		{FE4133B6-9F74-3B28-8992-50FA98D926A8}.RelWithDebInfo|Win32.Build.0 = RelWithDebInfo|Win32
		{86F82A30-EB01-32FC-9C91-A79F8D438D61}.Debug|Win32.ActiveCfg = Debug|Win32
		{86F82A30-EB01-32FC-9C91-A79F8D438D61}.Debug|Win32.Build.0 = Debug|Win32
		{86F82A30-EB01-32FC-9C91-A79F8D438D61}.MinSizeRel|Win32.ActiveCfg = MinSizeRel|Win32
		{86F82A30-EB01-32FC-9C91-A79F8D438D61}.MinSizeRel|Win32.Build.0 = MinSizeRel|Win32
		{86F82A30-EB01-32FC-9C91-A79F8D438D61}.Release|Win32.ActiveCfg = Release|Win32
		{86F82A30-EB01-32FC-9C91-A79F8D438D61}.Release|Win32.Build.0 = Release|Win32
		{86F82A30-EB01-32FC-9C91-A79F8D438D61}.RelWithDebInfo|Win32.ActiveCfg = RelWithDebInfo|Win32
		{86F82A30-EB01-32FC-9C91-A79F8D438D61}.RelWithDebInfo|Win32.Build.0 = RelWithDebInfo|Win32
		{97744E6F-10CA-393F-A9B0-0B7F64A98C15}.Debug|Win32.ActiveCfg = Debug|Win32
		{97744E6F-10CA-393F-A9B0-0B7F64A98C15}.Debug|Win32.Build.0 = Debug|Win32
		{97744E6F-10CA-393F-A9B0-0B7F64A98C15}.MinSizeRel|Win32.ActiveCfg = MinSizeRel|Win32
		{97744E6F-10CA-393F-A9B0-0B7F64A98C15}.MinSizeRel|Win32.Build.0 = MinSizeRel|Win32
		{97744E6F-10CA-393F-A9B0-0B7F64A98C15}.Release|Win32.ActiveCfg = Release|Win32
		{97744E6F-10CA-393F-A9B0-0B7F64A98C15}.Release|Win32.Build.0 = Release|Win32
		{97744E6F-10CA-393F-A9B0-0B7F64A98C15}.RelWithDebInfo|Win32.ActiveCfg = RelWithDebInfo|Win32
		{97744E6F-10CA-393F-A9B0-0B7F64A98C15}.RelWithDebInfo|Win32.Build.0 = RelWithDebInfo|Win32
		{5FC9B629-1208-35D6-81FF-64DC64D0F940}.Debug|Win32.ActiveCfg = Debug|Win32
		{5FC9B629-1208-35D6-81FF-64DC64D0F940}.Debug|Win32.Build.0 = Debug|Win32
		{5FC9B629-1208-35D6-81FF-64DC64D0F940}.MinSizeRel|Win32.ActiveCfg = MinSizeRel|Win32
		{5FC9B629-1208-35D6-81FF-64DC64D0F940}.MinSizeRel|Win32.Build.0 = MinSizeRel|Win32
		{5FC9B629-1208-35D6-81FF-64DC64D0F940}.Release|Win32.ActiveCfg = Release|Win32
		{5FC9B629-1208-35D6-81FF-64DC64D0F940}.Release|Win32.Build.0 = Release|Win32
		{5FC9B629-1208-35D6-81FF-64DC64D0F940}.RelWithDebInfo|Win32.ActiveCfg = RelWithDebInfo|Win32
		{5FC9B629-1208-35D6-81FF-64DC64D0F940}.RelWithDebInfo|Win32.Build.0 = RelWithDebInfo|Win32
		{A5C8AAB6-03D9-34DE-9CE4-45A269EC7079}.Debug|Win32.ActiveCfg = Debug|Win32
		{A5C8AAB6-03D9-34DE-9CE4-45A269EC7079}.Debug|Win32.Build.0 = Debug|Win32
		{A5C8AAB6-03D9-34DE-9CE4-45A269EC7079}.MinSizeRel|Win32.ActiveCfg = MinSizeRel|Win32
		{A5C8AAB6-03D9-34DE-9CE4-45A269EC7079}.MinSizeRel|Win32.Build.0 = MinSizeRel|Win32
		{A5C8AAB6-03D9-34DE-9CE4-45A269EC7079}.Release|Win32.ActiveCfg = Release|Win32
		{A5C8AAB6-03D9-34DE-9CE4-45A269EC7079}.Release|Win32.Build.0 = Release|Win32
		{A5C8AAB6-03D9-34DE-9CE4-45A269EC7079}.RelWithDebInfo|Win32.ActiveCfg = RelWithDebInfo|Win32
		{A5C8AAB6-03D9-34DE-9CE4-45A269EC7079}.RelWithDebInfo|Win32.Build.0 = RelWithDebInfo|Win32
		{D235B939-A8A2-3860-B814-77DEF98953BF}.Debug|Win32.ActiveCfg = Debug|Win32
		{D235B939-A8A2-3860-B814-77DEF98953BF}.Debug|Win32.Build.0 = Debug|Win32
		{D235B939-A8A2-3860-B814-77DEF98953BF}.MinSizeRel|Win32.ActiveCfg = MinSizeRel|Win32
		{D235B939-A8A2-3860-B814-77DEF98953BF}.MinSizeRel|Win32.Build.0 = MinSizeRel|Win32
		{D235B939-A8A2-3860-B814-77DEF98953BF}.Release|Win32.ActiveCfg = Release|Win32
		{D235B939-A8A2-3860-B814-77DEF98953BF}.Release|Win32.Build.0 = Release|Win32
		{D235B939-A8A2-3860-B814-77DEF98953BF}.RelWithDebInfo|Win32.ActiveCfg = RelWithDebInfo|Win32
		{D235B939-A8A2-3860-B814-77DEF98953BF}.RelWithDebInfo|Win32.Build.0 = RelWithDebInfo|Win32
		{E21DC9E5-7778-3007-B35C-914C661E68F6}.Debug|Win32.ActiveCfg = Debug|Win32
		{E21DC9E5-7778-3007-B35C-914C661E68F6}.Debug|Win32.Build.0 = Debug|Win32
		{E21DC9E5-7778-3007-B35C-914C661E68F6}.MinSizeRel|Win32.ActiveCfg = MinSizeRel|Win32
		{E21DC9E5-7778-3007-B35C-914C661E68F6}.MinSizeRel|Win32.Build.0 = MinSizeRel|Win32
		{E21DC9E5-7778-3007-B35C-914C661E68F6}.Release|Win32.ActiveCfg = Release|Win32
		{E21DC9E5-7778-3007-B35C-914C661E68F6}.Release|Win32.Build.0 = Release|Win32
		{E21DC9E5-7778-3007-B35C-914C661E68F6}.RelWithDebInfo|Win32.ActiveCfg = RelWithDebInfo|Win32
		{E21DC9E5-7778-3007-B35C-914C661E68F6}.RelWithDebInfo|Win32.Build.0 = RelWithDebInfo|Win32
		{AC581D72-C5CB-3FA8-AC42-2EA3794D5219}.Debug|Win32.ActiveCfg = Debug|Win32
		{AC581D72-C5CB-3FA8-AC42-2EA3794D5219}.Debug|Win32.Build.0 = Debug|Win32
		{AC581D72-C5CB-3FA8-AC42-2EA3794D5219}.MinSizeRel|Win32.ActiveCfg = MinSizeRel|Win32
		{AC581D72-C5CB-3FA8-AC42-2EA3794D5219}.MinSizeRel|Win32.Build.0 = MinSizeRel|Win32
		{AC581D72-C5CB-3FA8-AC42-2EA3794D5219}.Release|Win32.ActiveCfg = Release|Win32
		{AC581D72-C5CB-3FA8-AC42-2EA3794D5219}.Release|Win32.Build.0 = Release|Win32
		{AC581D72-C5CB-3FA8-AC42-2EA3794D5219}.RelWithDebInfo|Win32.ActiveCfg = RelWithDebInfo|Win32
		{AC581D72-C5CB-3FA8-AC42-2EA3794D5219}.RelWithDebInfo|Win32.Build.0 = RelWithDebInfo|Win32
		{94841471-470A-3E43-B5A8-C80E93D5C635}.Debug|Win32.ActiveCfg = Debug|Win32
		{94841471-470A-3E43-B5A8-C80E93D5C635}.Debug|Win32.Build.0 = Debug|Win32
		{94841471-470A-3E43-B5A8-C80E93D5C635}.MinSizeRel|Win32.ActiveCfg = MinSizeRel|Win32
		{94841471-470A-3E43-B5A8-C80E93D5C635}.MinSizeRel|Win32.Build.0 = MinSizeRel|Win32
		{94841471-470A-3E43-B5A8-C80E93D5C635}.Release|Win32.ActiveCfg = Release|Win32
		{94841471-470A-3E43-B5A8-C80E93D5C635}.Release|Win32.Build.0 = Release|Win32
		{94841471-470A-3E43-B5A8-C80E93D5C635}.RelWithDebInfo|Win32.ActiveCfg = RelWithDebInfo|Win32
		{94841471-470A-3E43-B5A8-C80E93D5C635}.RelWithDebInfo|Win32.Build.0 = RelWithDebInfo|Win32
		{FC34C2C1-D003-352A-BDBA-CEC867521751}.Debug|Win32.ActiveCfg = Debug|Win32
		{FC34C2C1-D003-352A-BDBA-CEC867521751}.Debug|Win32.Build.0 = Debug|Win32
		{FC34C2C1-D003-352A-BDBA-CEC867521751}.MinSizeRel|Win32.ActiveCfg = MinSizeRel|Win32
		{FC34C2C1-D003-352A-BDBA-CEC867521751}.MinSizeRel|Win32.Build.0 = MinSizeRel|Win32
		{FC34C2C1-D003-352A-BDBA-CEC867521751}.Release|Win32.ActiveCfg = Release|Win32
		{FC34C2C1-D003-352A-BDBA-CEC867521751}.Release|Win32.Build.0 = Release|Win32
		{FC34C2C1-D003-352A-BDBA-CEC867521751}.RelWithDebInfo|Win32.ActiveCfg = RelWithDebInfo|Win32
		{FC34C2C1-D003-352A-BDBA-CEC867521751}.RelWithDebInfo|Win32.Build.0 = RelWithDebInfo|Win32
		{F9B906EA-35F4-3CB8-B958-8759C7413F10}.Debug|Win32.ActiveCfg = Debug|Win32
		{F9B906EA-35F4-3CB8-B958-8759C7413F10}.Debug|Win32.Build.0 = Debug|Win32
		{F9B906EA-35F4-3CB8-B958-8759C7413F10}.MinSizeRel|Win32.ActiveCfg = MinSizeRel|Win32
		{F9B906EA-35F4-3CB8-B958-8759C7413F10}.MinSizeRel|Win32.Build.0 = MinSizeRel|Win32
		{F9B906EA-35F4-3CB8-B958-8759C7413F10}.Release|Win32.ActiveCfg = Release|Win32
		{F9B906EA-35F4-3CB8-B958-8759C7413F10}.Release|Win32.Build.0 = Release|Win32
		{F9B906EA-35F4-3CB8-B958-8759C7413F10}.RelWithDebInfo|Win32.ActiveCfg = RelWithDebInfo|Win32
		{F9B906EA-35F4-3CB8-B958-8759C7413F10}.RelWithDebInfo|Win32.Build.0 = RelWithDebInfo|Win32
		{154932F7-F7BD-3BF5-90F2-AC8CFE5A1912}.Debug|Win32.ActiveCfg = Debug|Win32
		{154932F7-F7BD-3BF5-90F2-AC8CFE5A1912}.Debug|Win32.Build.0 = Debug|Win32
		{154932F7-F7BD-3BF5-90F2-AC8CFE5A1912}.MinSizeRel|Win32.ActiveCfg = MinSizeRel|Win32
		{154932F7-F7BD-3BF5-90F2-AC8CFE5A1912}.MinSizeRel|Win32.Build.0 = MinSizeRel|Win32
		{154932F7-F7BD-3BF5-90F2-AC8CFE5A1912}.Release|Win32.ActiveCfg = Release|Win32
		{154932F7-F7BD-3BF5-90F2-AC8CFE5A1912}.Release|Win32.Build.0 = Release|Win32
		{154932F7-F7BD-3BF5-90F2-AC8CFE5A1912}.RelWithDebInfo|Win32.ActiveCfg = RelWithDebInfo|Win32
		{154932F7-F7BD-3BF5-90F2-AC8CFE5A1912}.RelWithDebInfo|Win32.Build.0 = RelWithDebInfo|Win32
	EndGlobalSection
	GlobalSection(SolutionProperties) = preSolution
		HideSolutionNode = FALSE
	EndGlobalSection
	GlobalSection(NestedProjects) = preSolution
		{3B87AA42-F01E-3002-840E-7DA0EC49E020} = {0EFC738F-5C94-35F2-85C1-F920E8B2F68A}
		{D54F2C8A-4600-3240-AC67-617F88841D46} = {0EFC738F-5C94-35F2-85C1-F920E8B2F68A}
		{B2443AEA-8739-30EF-84AE-F64D8B980E3B} = {EFEB6F76-33DC-3F09-8451-EBFB53EE9F68}
		{430FA415-9C90-38E1-8C1E-C8CEC729760E} = {EFEB6F76-33DC-3F09-8451-EBFB53EE9F68}
		{FB9D5F07-2105-3837-9CCB-A9AC87A93B34} = {EFEB6F76-33DC-3F09-8451-EBFB53EE9F68}
		{6EBDEC29-2260-3E35-89BF-A85CB7554C70} = {3B87AA42-F01E-3002-840E-7DA0EC49E020}
		{6C6B6699-B757-3174-AF7B-81685671E57C} = {D54F2C8A-4600-3240-AC67-617F88841D46}
		{EE8A3DC3-5121-32CA-9F2F-3673B0A0FBCF} = {D54F2C8A-4600-3240-AC67-617F88841D46}
		{C0802C13-591F-3FC8-A80B-2AC75D82BE1A} = {D54F2C8A-4600-3240-AC67-617F88841D46}
		{00D4A434-01C0-367A-8537-9E4A82FC683C} = {D54F2C8A-4600-3240-AC67-617F88841D46}
		{162C86B5-F589-3251-A77A-FCF3E379441A} = {D54F2C8A-4600-3240-AC67-617F88841D46}
		{718F39F1-3A76-3E39-8EC4-94B82E189873} = {3B87AA42-F01E-3002-840E-7DA0EC49E020}
		{0F56D75C-DE34-38EE-8E01-DD42E0E111BE} = {0EFC738F-5C94-35F2-85C1-F920E8B2F68A}
		{2E451435-DB45-3CDE-9561-3D2293829B64} = {D54F2C8A-4600-3240-AC67-617F88841D46}
		{D7428154-2EED-3950-B033-8CF5059AF2DE} = {3B87AA42-F01E-3002-840E-7DA0EC49E020}
		{7C96817A-EF93-38C4-B77B-2A7BA45A0C96} = {D54F2C8A-4600-3240-AC67-617F88841D46}
		{A4358A2B-2ADA-3C85-92ED-E67867E89BA7} = {D54F2C8A-4600-3240-AC67-617F88841D46}
		{0DDA5C8F-F02D-383B-A341-EFDF83A69E9B} = {D54F2C8A-4600-3240-AC67-617F88841D46}
		{FE4133B6-9F74-3B28-8992-50FA98D926A8} = {D54F2C8A-4600-3240-AC67-617F88841D46}
		{86F82A30-EB01-32FC-9C91-A79F8D438D61} = {3B87AA42-F01E-3002-840E-7DA0EC49E020}
		{5FC9B629-1208-35D6-81FF-64DC64D0F940} = {D54F2C8A-4600-3240-AC67-617F88841D46}
		{A5C8AAB6-03D9-34DE-9CE4-45A269EC7079} = {D54F2C8A-4600-3240-AC67-617F88841D46}
		{D235B939-A8A2-3860-B814-77DEF98953BF} = {3B87AA42-F01E-3002-840E-7DA0EC49E020}
		{E21DC9E5-7778-3007-B35C-914C661E68F6} = {3B87AA42-F01E-3002-840E-7DA0EC49E020}
		{AC581D72-C5CB-3FA8-AC42-2EA3794D5219} = {D54F2C8A-4600-3240-AC67-617F88841D46}
		{94841471-470A-3E43-B5A8-C80E93D5C635} = {D54F2C8A-4600-3240-AC67-617F88841D46}
		{FC34C2C1-D003-352A-BDBA-CEC867521751} = {D54F2C8A-4600-3240-AC67-617F88841D46}
		{F9B906EA-35F4-3CB8-B958-8759C7413F10} = {3B87AA42-F01E-3002-840E-7DA0EC49E020}
		{154932F7-F7BD-3BF5-90F2-AC8CFE5A1912} = {D54F2C8A-4600-3240-AC67-617F88841D46}
	EndGlobalSection
EndGlobal
